
Microsoft Visual Studio Solution File, Format Version 12.00
# Visual Studio 15
VisualStudioVersion = 15.0.26228.9
MinimumVisualStudioVersion = 10.0.40219.1
Project("{2150E333-8FDC-42A3-9474-1A3956D46DE8}") = "src", "src", "{D57212A8-FEBD-4880-AE3F-821931F24942}"
EndProject
Project("{2150E333-8FDC-42A3-9474-1A3956D46DE8}") = "Solution Items", "Solution Items", "{297E8D6F-CF15-4856-8B95-07CF6E353E9B}"
EndProject
Project("{9A19103F-16F7-4668-BE54-9A1E7A4F7556}") = "TranceSql", "src\FluentSql\TranceSql.csproj", "{E5684131-B6A6-4B4B-9547-380E63019013}"
EndProject
Project("{9A19103F-16F7-4668-BE54-9A1E7A4F7556}") = "TranceSql.Test", "src\TranceSql.Test\TranceSql.Test.csproj", "{D35EB6D7-AB1C-427E-BB14-8977D1FCDA50}"
EndProject
Project("{FAE04EC0-301F-11D3-BF4B-00C04F79EFBC}") = "TranceSql.Postgres", "src\TranceSql.Postgres\TranceSql.Postgres.csproj", "{62837D59-F3E7-4A95-B134-0BFBE56B6B2A}"
EndProject
Project("{FAE04EC0-301F-11D3-BF4B-00C04F79EFBC}") = "TranceSql.MySql", "src\TranceSql.MySql\TranceSql.MySql.csproj", "{0B07605B-B4E7-4DBC-8DA4-D0D6CBDC8735}"
EndProject
Project("{FAE04EC0-301F-11D3-BF4B-00C04F79EFBC}") = "TranceSql.Oracle", "src\TranceSql.Oracle\TranceSql.Oracle.csproj", "{7C523F21-16EF-4FB0-A44A-435B9EA0FDCD}"
EndProject
Project("{9A19103F-16F7-4668-BE54-9A1E7A4F7556}") = "TranceSql.SqlServer", "src\TranceSql.SqlServer\TranceSql.SqlServer.csproj", "{EC0DF5D4-B5AE-4F1D-8519-303C2BE42DB9}"
EndProject
Project("{9A19103F-16F7-4668-BE54-9A1E7A4F7556}") = "TranceSql.Sqlite", "src\TranceSql.Sqlite\TranceSql.Sqlite.csproj", "{0C2EBE03-708C-4ED9-B1C7-EC7A50567CF8}"
EndProject
Global
	GlobalSection(SolutionConfigurationPlatforms) = preSolution
		Debug|Any CPU = Debug|Any CPU
		Release|Any CPU = Release|Any CPU
	EndGlobalSection
	GlobalSection(ProjectConfigurationPlatforms) = postSolution
		{E5684131-B6A6-4B4B-9547-380E63019013}.Debug|Any CPU.ActiveCfg = Debug|Any CPU
		{E5684131-B6A6-4B4B-9547-380E63019013}.Debug|Any CPU.Build.0 = Debug|Any CPU
		{E5684131-B6A6-4B4B-9547-380E63019013}.Release|Any CPU.ActiveCfg = Release|Any CPU
		{E5684131-B6A6-4B4B-9547-380E63019013}.Release|Any CPU.Build.0 = Release|Any CPU
		{D35EB6D7-AB1C-427E-BB14-8977D1FCDA50}.Debug|Any CPU.ActiveCfg = Debug|Any CPU
		{D35EB6D7-AB1C-427E-BB14-8977D1FCDA50}.Debug|Any CPU.Build.0 = Debug|Any CPU
		{D35EB6D7-AB1C-427E-BB14-8977D1FCDA50}.Release|Any CPU.ActiveCfg = Release|Any CPU
		{D35EB6D7-AB1C-427E-BB14-8977D1FCDA50}.Release|Any CPU.Build.0 = Release|Any CPU
		{62837D59-F3E7-4A95-B134-0BFBE56B6B2A}.Debug|Any CPU.ActiveCfg = Debug|Any CPU
		{62837D59-F3E7-4A95-B134-0BFBE56B6B2A}.Debug|Any CPU.Build.0 = Debug|Any CPU
		{62837D59-F3E7-4A95-B134-0BFBE56B6B2A}.Release|Any CPU.ActiveCfg = Release|Any CPU
		{62837D59-F3E7-4A95-B134-0BFBE56B6B2A}.Release|Any CPU.Build.0 = Release|Any CPU
		{0B07605B-B4E7-4DBC-8DA4-D0D6CBDC8735}.Debug|Any CPU.ActiveCfg = Debug|Any CPU
		{0B07605B-B4E7-4DBC-8DA4-D0D6CBDC8735}.Debug|Any CPU.Build.0 = Debug|Any CPU
		{0B07605B-B4E7-4DBC-8DA4-D0D6CBDC8735}.Release|Any CPU.ActiveCfg = Release|Any CPU
		{0B07605B-B4E7-4DBC-8DA4-D0D6CBDC8735}.Release|Any CPU.Build.0 = Release|Any CPU
		{7C523F21-16EF-4FB0-A44A-435B9EA0FDCD}.Debug|Any CPU.ActiveCfg = Debug|Any CPU
		{7C523F21-16EF-4FB0-A44A-435B9EA0FDCD}.Debug|Any CPU.Build.0 = Debug|Any CPU
		{7C523F21-16EF-4FB0-A44A-435B9EA0FDCD}.Release|Any CPU.ActiveCfg = Release|Any CPU
		{7C523F21-16EF-4FB0-A44A-435B9EA0FDCD}.Release|Any CPU.Build.0 = Release|Any CPU
		{EC0DF5D4-B5AE-4F1D-8519-303C2BE42DB9}.Debug|Any CPU.ActiveCfg = Debug|Any CPU
		{EC0DF5D4-B5AE-4F1D-8519-303C2BE42DB9}.Debug|Any CPU.Build.0 = Debug|Any CPU
		{EC0DF5D4-B5AE-4F1D-8519-303C2BE42DB9}.Release|Any CPU.ActiveCfg = Release|Any CPU
		{EC0DF5D4-B5AE-4F1D-8519-303C2BE42DB9}.Release|Any CPU.Build.0 = Release|Any CPU
		{0C2EBE03-708C-4ED9-B1C7-EC7A50567CF8}.Debug|Any CPU.ActiveCfg = Debug|Any CPU
		{0C2EBE03-708C-4ED9-B1C7-EC7A50567CF8}.Debug|Any CPU.Build.0 = Debug|Any CPU
		{0C2EBE03-708C-4ED9-B1C7-EC7A50567CF8}.Release|Any CPU.ActiveCfg = Release|Any CPU
		{0C2EBE03-708C-4ED9-B1C7-EC7A50567CF8}.Release|Any CPU.Build.0 = Release|Any CPU
	EndGlobalSection
	GlobalSection(SolutionProperties) = preSolution
		HideSolutionNode = FALSE
	EndGlobalSection
	GlobalSection(NestedProjects) = preSolution
		{E5684131-B6A6-4B4B-9547-380E63019013} = {D57212A8-FEBD-4880-AE3F-821931F24942}
		{D35EB6D7-AB1C-427E-BB14-8977D1FCDA50} = {D57212A8-FEBD-4880-AE3F-821931F24942}
		{62837D59-F3E7-4A95-B134-0BFBE56B6B2A} = {D57212A8-FEBD-4880-AE3F-821931F24942}
		{0B07605B-B4E7-4DBC-8DA4-D0D6CBDC8735} = {D57212A8-FEBD-4880-AE3F-821931F24942}
		{7C523F21-16EF-4FB0-A44A-435B9EA0FDCD} = {D57212A8-FEBD-4880-AE3F-821931F24942}
		{EC0DF5D4-B5AE-4F1D-8519-303C2BE42DB9} = {D57212A8-FEBD-4880-AE3F-821931F24942}
		{0C2EBE03-708C-4ED9-B1C7-EC7A50567CF8} = {D57212A8-FEBD-4880-AE3F-821931F24942}
	EndGlobalSection
	GlobalSection(ExtensibilityGlobals) = postSolution
		SolutionGuid = {D865D688-6EC2-4A36-8A10-96C1D40ABFF3}
	EndGlobalSection
EndGlobal
