
Microsoft Visual Studio Solution File, Format Version 12.00
# Visual Studio Version 16
VisualStudioVersion = 16.0.28803.352
MinimumVisualStudioVersion = 10.0.40219.1
Project("{2150E333-8FDC-42A3-9474-1A3956D46DE8}") = "Solution Items", "Solution Items", "{297E8D6F-CF15-4856-8B95-07CF6E353E9B}"
	ProjectSection(SolutionItems) = preProject
		build.sh = build.sh
		readme.md = readme.md
	EndProjectSection
EndProject
Project("{9A19103F-16F7-4668-BE54-9A1E7A4F7556}") = "TranceSql.Postgres", "src\TranceSql.Postgres\TranceSql.Postgres.csproj", "{62837D59-F3E7-4A95-B134-0BFBE56B6B2A}"
EndProject
Project("{9A19103F-16F7-4668-BE54-9A1E7A4F7556}") = "TranceSql.MySql", "src\TranceSql.MySql\TranceSql.MySql.csproj", "{0B07605B-B4E7-4DBC-8DA4-D0D6CBDC8735}"
EndProject
Project("{9A19103F-16F7-4668-BE54-9A1E7A4F7556}") = "TranceSql.Oracle", "src\TranceSql.Oracle\TranceSql.Oracle.csproj", "{7C523F21-16EF-4FB0-A44A-435B9EA0FDCD}"
EndProject
Project("{9A19103F-16F7-4668-BE54-9A1E7A4F7556}") = "TranceSql.SqlServer", "src\TranceSql.SqlServer\TranceSql.SqlServer.csproj", "{EC0DF5D4-B5AE-4F1D-8519-303C2BE42DB9}"
EndProject
Project("{9A19103F-16F7-4668-BE54-9A1E7A4F7556}") = "TranceSql.Sqlite", "src\TranceSql.Sqlite\TranceSql.Sqlite.csproj", "{0C2EBE03-708C-4ED9-B1C7-EC7A50567CF8}"
EndProject
Project("{9A19103F-16F7-4668-BE54-9A1E7A4F7556}") = "TranceSql", "src\TranceSql\TranceSql.csproj", "{D5F36F55-3AEE-45B3-8E46-7CC76147B8B4}"
EndProject
Project("{2150E333-8FDC-42A3-9474-1A3956D46DE8}") = "Drivers", "Drivers", "{77F3D7B2-82C3-47BF-BF59-D0DA6E333746}"
EndProject
Project("{9A19103F-16F7-4668-BE54-9A1E7A4F7556}") = "TranceSql.Test", "src\TranceSql.Test\TranceSql.Test.csproj", "{55A220DA-43F1-4184-A939-09F83CCD7841}"
EndProject
Project("{9A19103F-16F7-4668-BE54-9A1E7A4F7556}") = "TranceSql.IntegrationTest", "src\TranceSql.IntegrationTest\TranceSql.IntegrationTest.csproj", "{622A6BB3-1B2B-4CF0-8751-F98553AFEC5E}"
EndProject
Project("{9A19103F-16F7-4668-BE54-9A1E7A4F7556}") = "TranceSql.Ddl", "preview\TranceSql.Ddl\TranceSql.Ddl.csproj", "{69D16E44-F2BD-466B-9B83-2131B285201E}"
EndProject
Project("{2150E333-8FDC-42A3-9474-1A3956D46DE8}") = "GitHub", "GitHub", "{CED3E1A5-1377-47EB-8869-E4B6F4DB2852}"
	ProjectSection(SolutionItems) = preProject
		.github\workflows\build.yml = .github\workflows\build.yml
		.github\workflows\release.yml = .github\workflows\release.yml
	EndProjectSection
EndProject
Project("{2150E333-8FDC-42A3-9474-1A3956D46DE8}") = "Docker", "Docker", "{776DC2AF-F7F8-4B8A-84B0-B0EEF79ACFEC}"
	ProjectSection(SolutionItems) = preProject
		docker-compose.mysql.yml = docker-compose.mysql.yml
		docker-compose.oracle.yml = docker-compose.oracle.yml
		docker-compose.postgres.yml = docker-compose.postgres.yml
		docker-compose.sqlite.yml = docker-compose.sqlite.yml
		docker-compose.sqlserver.yml = docker-compose.sqlserver.yml
		docker-init.sh = docker-init.sh
		Dockerfile = Dockerfile
	EndProjectSection
EndProject
Global
	GlobalSection(SolutionConfigurationPlatforms) = preSolution
		Debug|Any CPU = Debug|Any CPU
		Release|Any CPU = Release|Any CPU
	EndGlobalSection
	GlobalSection(ProjectConfigurationPlatforms) = postSolution
		{62837D59-F3E7-4A95-B134-0BFBE56B6B2A}.Debug|Any CPU.ActiveCfg = Debug|Any CPU
		{62837D59-F3E7-4A95-B134-0BFBE56B6B2A}.Debug|Any CPU.Build.0 = Debug|Any CPU
		{62837D59-F3E7-4A95-B134-0BFBE56B6B2A}.Release|Any CPU.ActiveCfg = Release|Any CPU
		{62837D59-F3E7-4A95-B134-0BFBE56B6B2A}.Release|Any CPU.Build.0 = Release|Any CPU
		{0B07605B-B4E7-4DBC-8DA4-D0D6CBDC8735}.Debug|Any CPU.ActiveCfg = Debug|Any CPU
		{0B07605B-B4E7-4DBC-8DA4-D0D6CBDC8735}.Debug|Any CPU.Build.0 = Debug|Any CPU
		{0B07605B-B4E7-4DBC-8DA4-D0D6CBDC8735}.Release|Any CPU.ActiveCfg = Release|Any CPU
		{0B07605B-B4E7-4DBC-8DA4-D0D6CBDC8735}.Release|Any CPU.Build.0 = Release|Any CPU
		{7C523F21-16EF-4FB0-A44A-435B9EA0FDCD}.Debug|Any CPU.ActiveCfg = Debug|Any CPU
		{7C523F21-16EF-4FB0-A44A-435B9EA0FDCD}.Debug|Any CPU.Build.0 = Debug|Any CPU
		{7C523F21-16EF-4FB0-A44A-435B9EA0FDCD}.Release|Any CPU.ActiveCfg = Release|Any CPU
		{7C523F21-16EF-4FB0-A44A-435B9EA0FDCD}.Release|Any CPU.Build.0 = Release|Any CPU
		{EC0DF5D4-B5AE-4F1D-8519-303C2BE42DB9}.Debug|Any CPU.ActiveCfg = Debug|Any CPU
		{EC0DF5D4-B5AE-4F1D-8519-303C2BE42DB9}.Debug|Any CPU.Build.0 = Debug|Any CPU
		{EC0DF5D4-B5AE-4F1D-8519-303C2BE42DB9}.Release|Any CPU.ActiveCfg = Release|Any CPU
		{EC0DF5D4-B5AE-4F1D-8519-303C2BE42DB9}.Release|Any CPU.Build.0 = Release|Any CPU
		{0C2EBE03-708C-4ED9-B1C7-EC7A50567CF8}.Debug|Any CPU.ActiveCfg = Debug|Any CPU
		{0C2EBE03-708C-4ED9-B1C7-EC7A50567CF8}.Debug|Any CPU.Build.0 = Debug|Any CPU
		{0C2EBE03-708C-4ED9-B1C7-EC7A50567CF8}.Release|Any CPU.ActiveCfg = Release|Any CPU
		{0C2EBE03-708C-4ED9-B1C7-EC7A50567CF8}.Release|Any CPU.Build.0 = Release|Any CPU
		{D5F36F55-3AEE-45B3-8E46-7CC76147B8B4}.Debug|Any CPU.ActiveCfg = Debug|Any CPU
		{D5F36F55-3AEE-45B3-8E46-7CC76147B8B4}.Debug|Any CPU.Build.0 = Debug|Any CPU
		{D5F36F55-3AEE-45B3-8E46-7CC76147B8B4}.Release|Any CPU.ActiveCfg = Release|Any CPU
		{D5F36F55-3AEE-45B3-8E46-7CC76147B8B4}.Release|Any CPU.Build.0 = Release|Any CPU
		{55A220DA-43F1-4184-A939-09F83CCD7841}.Debug|Any CPU.ActiveCfg = Debug|Any CPU
		{55A220DA-43F1-4184-A939-09F83CCD7841}.Debug|Any CPU.Build.0 = Debug|Any CPU
		{55A220DA-43F1-4184-A939-09F83CCD7841}.Release|Any CPU.ActiveCfg = Release|Any CPU
		{55A220DA-43F1-4184-A939-09F83CCD7841}.Release|Any CPU.Build.0 = Release|Any CPU
		{622A6BB3-1B2B-4CF0-8751-F98553AFEC5E}.Debug|Any CPU.ActiveCfg = Debug|Any CPU
		{622A6BB3-1B2B-4CF0-8751-F98553AFEC5E}.Debug|Any CPU.Build.0 = Debug|Any CPU
		{622A6BB3-1B2B-4CF0-8751-F98553AFEC5E}.Release|Any CPU.ActiveCfg = Release|Any CPU
		{622A6BB3-1B2B-4CF0-8751-F98553AFEC5E}.Release|Any CPU.Build.0 = Release|Any CPU
		{69D16E44-F2BD-466B-9B83-2131B285201E}.Debug|Any CPU.ActiveCfg = Debug|Any CPU
		{69D16E44-F2BD-466B-9B83-2131B285201E}.Debug|Any CPU.Build.0 = Debug|Any CPU
		{69D16E44-F2BD-466B-9B83-2131B285201E}.Release|Any CPU.ActiveCfg = Release|Any CPU
		{69D16E44-F2BD-466B-9B83-2131B285201E}.Release|Any CPU.Build.0 = Release|Any CPU
	EndGlobalSection
	GlobalSection(SolutionProperties) = preSolution
		HideSolutionNode = FALSE
	EndGlobalSection
	GlobalSection(NestedProjects) = preSolution
		{62837D59-F3E7-4A95-B134-0BFBE56B6B2A} = {77F3D7B2-82C3-47BF-BF59-D0DA6E333746}
		{0B07605B-B4E7-4DBC-8DA4-D0D6CBDC8735} = {77F3D7B2-82C3-47BF-BF59-D0DA6E333746}
		{7C523F21-16EF-4FB0-A44A-435B9EA0FDCD} = {77F3D7B2-82C3-47BF-BF59-D0DA6E333746}
		{EC0DF5D4-B5AE-4F1D-8519-303C2BE42DB9} = {77F3D7B2-82C3-47BF-BF59-D0DA6E333746}
		{0C2EBE03-708C-4ED9-B1C7-EC7A50567CF8} = {77F3D7B2-82C3-47BF-BF59-D0DA6E333746}
		{CED3E1A5-1377-47EB-8869-E4B6F4DB2852} = {297E8D6F-CF15-4856-8B95-07CF6E353E9B}
		{776DC2AF-F7F8-4B8A-84B0-B0EEF79ACFEC} = {297E8D6F-CF15-4856-8B95-07CF6E353E9B}
	EndGlobalSection
	GlobalSection(ExtensibilityGlobals) = postSolution
		SolutionGuid = {D865D688-6EC2-4A36-8A10-96C1D40ABFF3}
	EndGlobalSection
EndGlobal
